
Microsoft Visual Studio Solution File, Format Version 12.00
# Visual Studio 15
Project("{FAE04EC0-301F-11D3-BF4B-00C04F79EFBC}") = "GMPR.Lesson07", "GMPR.Lesson07.csproj", "{CBCADA82-08CD-BD95-7766-7FB99BB9D17E}"
EndProject
Project("{FAE04EC0-301F-11D3-BF4B-00C04F79EFBC}") = "Assembly-CSharp", "Assembly-CSharp.csproj", "{74F5A1C4-6AF1-571A-C9CF-8152A0DB5ED0}"
EndProject
Project("{FAE04EC0-301F-11D3-BF4B-00C04F79EFBC}") = "GMPR2512.Lesson09_Input_and_Transform", "GMPR2512.Lesson09_Input_and_Transform.csproj", "{B505AF46-94BE-E1B8-8371-CC9E6D237508}"
EndProject
Project("{FAE04EC0-301F-11D3-BF4B-00C04F79EFBC}") = "GMPR2512.Lesson05", "GMPR2512.Lesson05.csproj", "{5260B846-188D-452B-60DB-3013FA4A9DE5}"
EndProject
Project("{FAE04EC0-301F-11D3-BF4B-00C04F79EFBC}") = "GMPR2512.Lesson08", "GMPR2512.Lesson08.csproj", "{A658734F-4034-DEEC-2A4C-95691316B6B7}"
EndProject
Project("{FAE04EC0-301F-11D3-BF4B-00C04F79EFBC}") = "GMPR2512.Lesson04", "GMPR2512.Lesson04.csproj", "{FF6A201C-C64F-4924-D0DE-CF003CF489E5}"
EndProject
Project("{FAE04EC0-301F-11D3-BF4B-00C04F79EFBC}") = "GMPR2512.Lesson06", "GMPR2512.Lesson06.csproj", "{6C00C5B4-0033-4152-A4D0-A363821F40CB}"
EndProject
Global
	GlobalSection(SolutionConfigurationPlatforms) = preSolution
		Debug|Any CPU = Debug|Any CPU
		Release|Any CPU = Release|Any CPU
	EndGlobalSection
	GlobalSection(ProjectConfigurationPlatforms) = postSolution
		{CBCADA82-08CD-BD95-7766-7FB99BB9D17E}.Debug|Any CPU.ActiveCfg = Debug|Any CPU
		{CBCADA82-08CD-BD95-7766-7FB99BB9D17E}.Debug|Any CPU.Build.0 = Debug|Any CPU
		{CBCADA82-08CD-BD95-7766-7FB99BB9D17E}.Release|Any CPU.ActiveCfg = Release|Any CPU
		{CBCADA82-08CD-BD95-7766-7FB99BB9D17E}.Release|Any CPU.Build.0 = Release|Any CPU
		{74F5A1C4-6AF1-571A-C9CF-8152A0DB5ED0}.Debug|Any CPU.ActiveCfg = Debug|Any CPU
		{74F5A1C4-6AF1-571A-C9CF-8152A0DB5ED0}.Debug|Any CPU.Build.0 = Debug|Any CPU
		{74F5A1C4-6AF1-571A-C9CF-8152A0DB5ED0}.Release|Any CPU.ActiveCfg = Release|Any CPU
		{74F5A1C4-6AF1-571A-C9CF-8152A0DB5ED0}.Release|Any CPU.Build.0 = Release|Any CPU
		{B505AF46-94BE-E1B8-8371-CC9E6D237508}.Debug|Any CPU.ActiveCfg = Debug|Any CPU
		{B505AF46-94BE-E1B8-8371-CC9E6D237508}.Debug|Any CPU.Build.0 = Debug|Any CPU
		{B505AF46-94BE-E1B8-8371-CC9E6D237508}.Release|Any CPU.ActiveCfg = Release|Any CPU
		{B505AF46-94BE-E1B8-8371-CC9E6D237508}.Release|Any CPU.Build.0 = Release|Any CPU
		{5260B846-188D-452B-60DB-3013FA4A9DE5}.Debug|Any CPU.ActiveCfg = Debug|Any CPU
		{5260B846-188D-452B-60DB-3013FA4A9DE5}.Debug|Any CPU.Build.0 = Debug|Any CPU
		{5260B846-188D-452B-60DB-3013FA4A9DE5}.Release|Any CPU.ActiveCfg = Release|Any CPU
		{5260B846-188D-452B-60DB-3013FA4A9DE5}.Release|Any CPU.Build.0 = Release|Any CPU
		{A658734F-4034-DEEC-2A4C-95691316B6B7}.Debug|Any CPU.ActiveCfg = Debug|Any CPU
		{A658734F-4034-DEEC-2A4C-95691316B6B7}.Debug|Any CPU.Build.0 = Debug|Any CPU
		{A658734F-4034-DEEC-2A4C-95691316B6B7}.Release|Any CPU.ActiveCfg = Release|Any CPU
		{A658734F-4034-DEEC-2A4C-95691316B6B7}.Release|Any CPU.Build.0 = Release|Any CPU
		{FF6A201C-C64F-4924-D0DE-CF003CF489E5}.Debug|Any CPU.ActiveCfg = Debug|Any CPU
		{FF6A201C-C64F-4924-D0DE-CF003CF489E5}.Debug|Any CPU.Build.0 = Debug|Any CPU
		{FF6A201C-C64F-4924-D0DE-CF003CF489E5}.Release|Any CPU.ActiveCfg = Release|Any CPU
		{FF6A201C-C64F-4924-D0DE-CF003CF489E5}.Release|Any CPU.Build.0 = Release|Any CPU
		{6C00C5B4-0033-4152-A4D0-A363821F40CB}.Debug|Any CPU.ActiveCfg = Debug|Any CPU
		{6C00C5B4-0033-4152-A4D0-A363821F40CB}.Debug|Any CPU.Build.0 = Debug|Any CPU
		{6C00C5B4-0033-4152-A4D0-A363821F40CB}.Release|Any CPU.ActiveCfg = Release|Any CPU
		{6C00C5B4-0033-4152-A4D0-A363821F40CB}.Release|Any CPU.Build.0 = Release|Any CPU
	EndGlobalSection
	GlobalSection(SolutionProperties) = preSolution
		HideSolutionNode = FALSE
	EndGlobalSection
EndGlobal
